
Microsoft Visual Studio Solution File, Format Version 12.00
# Visual Studio Version 16
VisualStudioVersion = 16.0.30717.126
MinimumVisualStudioVersion = 10.0.40219.1
Project("{FAE04EC0-301F-11D3-BF4B-00C04F79EFBC}") = "Product", "Directory\Product.csproj", "{EE179A2B-622E-43FA-8FC5-E96AC4BBF505}"
EndProject
Global
	GlobalSection(SolutionConfigurationPlatforms) = preSolution
		Debug|Any CPU = Debug|Any CPU
		Release|Any CPU = Release|Any CPU
	EndGlobalSection
	GlobalSection(ProjectConfigurationPlatforms) = postSolution
		{EE179A2B-622E-43FA-8FC5-E96AC4BBF505}.Debug|Any CPU.ActiveCfg = Debug|Any CPU
		{EE179A2B-622E-43FA-8FC5-E96AC4BBF505}.Debug|Any CPU.Build.0 = Debug|Any CPU
		{EE179A2B-622E-43FA-8FC5-E96AC4BBF505}.Release|Any CPU.ActiveCfg = Release|Any CPU
		{EE179A2B-622E-43FA-8FC5-E96AC4BBF505}.Release|Any CPU.Build.0 = Release|Any CPU
	EndGlobalSection
	GlobalSection(SolutionProperties) = preSolution
		HideSolutionNode = FALSE
	EndGlobalSection
	GlobalSection(ExtensibilityGlobals) = postSolution
		SolutionGuid = {2327FBF4-6A72-4262-9F16-AA9C37FF72AD}
	EndGlobalSection
EndGlobal
